// !$*UTF8*$!
{
	archiveVersion = 1;
	classes = {
	};
	objectVersion = 48;
	objects = {

/* Begin PBXBuildFile section */
		6D8F05BD1F46542D00F43F89 /* DataModel.swift in Sources */ = {isa = PBXBuildFile; fileRef = 6D8F05BC1F46542D00F43F89 /* DataModel.swift */; };
		6D8F05BF1F4654A400F43F89 /* DataModelFactory.swift in Sources */ = {isa = PBXBuildFile; fileRef = 6D8F05BE1F4654A400F43F89 /* DataModelFactory.swift */; };
		6DB232281EF0774200A8A287 /* AppDelegate.swift in Sources */ = {isa = PBXBuildFile; fileRef = 6DB232271EF0774200A8A287 /* AppDelegate.swift */; };
		6DB2322A1EF0774200A8A287 /* PagerViewController.swift in Sources */ = {isa = PBXBuildFile; fileRef = 6DB232291EF0774200A8A287 /* PagerViewController.swift */; };
		6DB2322C1EF0774200A8A287 /* DataViewController.swift in Sources */ = {isa = PBXBuildFile; fileRef = 6DB2322B1EF0774200A8A287 /* DataViewController.swift */; };
		6DB2322E1EF0774200A8A287 /* ModelController.swift in Sources */ = {isa = PBXBuildFile; fileRef = 6DB2322D1EF0774200A8A287 /* ModelController.swift */; };
		6DB232311EF0774200A8A287 /* Main.storyboard in Resources */ = {isa = PBXBuildFile; fileRef = 6DB2322F1EF0774200A8A287 /* Main.storyboard */; };
		6DB232331EF0774200A8A287 /* Assets.xcassets in Resources */ = {isa = PBXBuildFile; fileRef = 6DB232321EF0774200A8A287 /* Assets.xcassets */; };
		6DB232361EF0774200A8A287 /* LaunchScreen.storyboard in Resources */ = {isa = PBXBuildFile; fileRef = 6DB232341EF0774200A8A287 /* LaunchScreen.storyboard */; };
		6DF926F31EF082E700574730 /* Collection+safe.swift in Sources */ = {isa = PBXBuildFile; fileRef = 6DF926F21EF082E700574730 /* Collection+safe.swift */; };
		6DF926F51EF0868000574730 /* ContainerViewController.swift in Sources */ = {isa = PBXBuildFile; fileRef = 6DF926F41EF0868000574730 /* ContainerViewController.swift */; };
/* End PBXBuildFile section */

/* Begin PBXFileReference section */
		6D8F05BC1F46542D00F43F89 /* DataModel.swift */ = {isa = PBXFileReference; lastKnownFileType = sourcecode.swift; path = DataModel.swift; sourceTree = "<group>"; };
		6D8F05BE1F4654A400F43F89 /* DataModelFactory.swift */ = {isa = PBXFileReference; lastKnownFileType = sourcecode.swift; path = DataModelFactory.swift; sourceTree = "<group>"; };
		6DB232241EF0774200A8A287 /* Tutorial.app */ = {isa = PBXFileReference; explicitFileType = wrapper.application; includeInIndex = 0; path = Tutorial.app; sourceTree = BUILT_PRODUCTS_DIR; };
		6DB232271EF0774200A8A287 /* AppDelegate.swift */ = {isa = PBXFileReference; lastKnownFileType = sourcecode.swift; path = AppDelegate.swift; sourceTree = "<group>"; };
		6DB232291EF0774200A8A287 /* PagerViewController.swift */ = {isa = PBXFileReference; lastKnownFileType = sourcecode.swift; path = PagerViewController.swift; sourceTree = "<group>"; };
		6DB2322B1EF0774200A8A287 /* DataViewController.swift */ = {isa = PBXFileReference; lastKnownFileType = sourcecode.swift; path = DataViewController.swift; sourceTree = "<group>"; };
		6DB2322D1EF0774200A8A287 /* ModelController.swift */ = {isa = PBXFileReference; lastKnownFileType = sourcecode.swift; path = ModelController.swift; sourceTree = "<group>"; };
		6DB232301EF0774200A8A287 /* Base */ = {isa = PBXFileReference; lastKnownFileType = file.storyboard; name = Base; path = Base.lproj/Main.storyboard; sourceTree = "<group>"; };
		6DB232321EF0774200A8A287 /* Assets.xcassets */ = {isa = PBXFileReference; lastKnownFileType = folder.assetcatalog; path = Assets.xcassets; sourceTree = "<group>"; };
		6DB232351EF0774200A8A287 /* Base */ = {isa = PBXFileReference; lastKnownFileType = file.storyboard; name = Base; path = Base.lproj/LaunchScreen.storyboard; sourceTree = "<group>"; };
		6DB232371EF0774200A8A287 /* Info.plist */ = {isa = PBXFileReference; lastKnownFileType = text.plist.xml; path = Info.plist; sourceTree = "<group>"; };
		6DF926F21EF082E700574730 /* Collection+safe.swift */ = {isa = PBXFileReference; lastKnownFileType = sourcecode.swift; path = "Collection+safe.swift"; sourceTree = "<group>"; };
		6DF926F41EF0868000574730 /* ContainerViewController.swift */ = {isa = PBXFileReference; lastKnownFileType = sourcecode.swift; path = ContainerViewController.swift; sourceTree = "<group>"; };
/* End PBXFileReference section */

/* Begin PBXFrameworksBuildPhase section */
		6DB232211EF0774200A8A287 /* Frameworks */ = {
			isa = PBXFrameworksBuildPhase;
			buildActionMask = 2147483647;
			files = (
			);
			runOnlyForDeploymentPostprocessing = 0;
		};
/* End PBXFrameworksBuildPhase section */

/* Begin PBXGroup section */
		6DB2321B1EF0774200A8A287 = {
			isa = PBXGroup;
			children = (
				6DB232261EF0774200A8A287 /* Tutorial */,
				6DB232251EF0774200A8A287 /* Products */,
			);
			sourceTree = "<group>";
		};
		6DB232251EF0774200A8A287 /* Products */ = {
			isa = PBXGroup;
			children = (
				6DB232241EF0774200A8A287 /* Tutorial.app */,
			);
			name = Products;
			sourceTree = "<group>";
		};
		6DB232261EF0774200A8A287 /* Tutorial */ = {
			isa = PBXGroup;
			children = (
				6DB232271EF0774200A8A287 /* AppDelegate.swift */,
				6DF926F41EF0868000574730 /* ContainerViewController.swift */,
				6DB232291EF0774200A8A287 /* PagerViewController.swift */,
				6DB2322D1EF0774200A8A287 /* ModelController.swift */,
				6DB2322B1EF0774200A8A287 /* DataViewController.swift */,
				6D8F05BC1F46542D00F43F89 /* DataModel.swift */,
				6D8F05BE1F4654A400F43F89 /* DataModelFactory.swift */,
				6DB2322F1EF0774200A8A287 /* Main.storyboard */,
				6DB232321EF0774200A8A287 /* Assets.xcassets */,
				6DB232341EF0774200A8A287 /* LaunchScreen.storyboard */,
				6DB232371EF0774200A8A287 /* Info.plist */,
				6DF926F21EF082E700574730 /* Collection+safe.swift */,
			);
			path = Tutorial;
			sourceTree = "<group>";
		};
/* End PBXGroup section */

/* Begin PBXNativeTarget section */
		6DB232231EF0774200A8A287 /* Tutorial */ = {
			isa = PBXNativeTarget;
			buildConfigurationList = 6DB2323A1EF0774200A8A287 /* Build configuration list for PBXNativeTarget "Tutorial" */;
			buildPhases = (
				6DB232201EF0774200A8A287 /* Sources */,
				6DB232211EF0774200A8A287 /* Frameworks */,
				6DB232221EF0774200A8A287 /* Resources */,
			);
			buildRules = (
			);
			dependencies = (
			);
			name = Tutorial;
			productName = Tutorial;
			productReference = 6DB232241EF0774200A8A287 /* Tutorial.app */;
			productType = "com.apple.product-type.application";
		};
/* End PBXNativeTarget section */

/* Begin PBXProject section */
		6DB2321C1EF0774200A8A287 /* Project object */ = {
			isa = PBXProject;
			attributes = {
				LastSwiftUpdateCheck = 0900;
				LastUpgradeCheck = 0900;
				ORGANIZATIONNAME = Niji;
				TargetAttributes = {
					6DB232231EF0774200A8A287 = {
						CreatedOnToolsVersion = 9.0;
						ProvisioningStyle = Automatic;
					};
				};
			};
			buildConfigurationList = 6DB2321F1EF0774200A8A287 /* Build configuration list for PBXProject "Tutorial" */;
			compatibilityVersion = "Xcode 8.0";
			developmentRegion = en;
			hasScannedForEncodings = 0;
			knownRegions = (
				en,
				Base,
			);
			mainGroup = 6DB2321B1EF0774200A8A287;
			productRefGroup = 6DB232251EF0774200A8A287 /* Products */;
			projectDirPath = "";
			projectRoot = "";
			targets = (
				6DB232231EF0774200A8A287 /* Tutorial */,
			);
		};
/* End PBXProject section */

/* Begin PBXResourcesBuildPhase section */
		6DB232221EF0774200A8A287 /* Resources */ = {
			isa = PBXResourcesBuildPhase;
			buildActionMask = 2147483647;
			files = (
				6DB232361EF0774200A8A287 /* LaunchScreen.storyboard in Resources */,
				6DB232331EF0774200A8A287 /* Assets.xcassets in Resources */,
				6DB232311EF0774200A8A287 /* Main.storyboard in Resources */,
			);
			runOnlyForDeploymentPostprocessing = 0;
		};
/* End PBXResourcesBuildPhase section */

/* Begin PBXSourcesBuildPhase section */
		6DB232201EF0774200A8A287 /* Sources */ = {
			isa = PBXSourcesBuildPhase;
			buildActionMask = 2147483647;
			files = (
				6D8F05BD1F46542D00F43F89 /* DataModel.swift in Sources */,
				6DB2322A1EF0774200A8A287 /* PagerViewController.swift in Sources */,
				6DF926F31EF082E700574730 /* Collection+safe.swift in Sources */,
				6DB2322E1EF0774200A8A287 /* ModelController.swift in Sources */,
				6D8F05BF1F4654A400F43F89 /* DataModelFactory.swift in Sources */,
				6DB2322C1EF0774200A8A287 /* DataViewController.swift in Sources */,
				6DF926F51EF0868000574730 /* ContainerViewController.swift in Sources */,
				6DB232281EF0774200A8A287 /* AppDelegate.swift in Sources */,
			);
			runOnlyForDeploymentPostprocessing = 0;
		};
/* End PBXSourcesBuildPhase section */

/* Begin PBXVariantGroup section */
		6DB2322F1EF0774200A8A287 /* Main.storyboard */ = {
			isa = PBXVariantGroup;
			children = (
				6DB232301EF0774200A8A287 /* Base */,
			);
			name = Main.storyboard;
			sourceTree = "<group>";
		};
		6DB232341EF0774200A8A287 /* LaunchScreen.storyboard */ = {
			isa = PBXVariantGroup;
			children = (
				6DB232351EF0774200A8A287 /* Base */,
			);
			name = LaunchScreen.storyboard;
			sourceTree = "<group>";
		};
/* End PBXVariantGroup section */

/* Begin XCBuildConfiguration section */
		6DB232381EF0774200A8A287 /* Debug */ = {
			isa = XCBuildConfiguration;
			buildSettings = {
				ALWAYS_SEARCH_USER_PATHS = NO;
				CLANG_ANALYZER_NONNULL = YES;
				CLANG_ANALYZER_NUMBER_OBJECT_CONVERSION = YES_AGGRESSIVE;
				CLANG_CXX_LANGUAGE_STANDARD = "gnu++14";
				CLANG_CXX_LIBRARY = "libc++";
				CLANG_ENABLE_MODULES = YES;
				CLANG_ENABLE_OBJC_ARC = YES;
				CLANG_WARN_BLOCK_CAPTURE_AUTORELEASING = YES;
				CLANG_WARN_BOOL_CONVERSION = YES;
				CLANG_WARN_COMMA = YES;
				CLANG_WARN_CONSTANT_CONVERSION = YES;
				CLANG_WARN_DIRECT_OBJC_ISA_USAGE = YES_ERROR;
				CLANG_WARN_DOCUMENTATION_COMMENTS = YES;
				CLANG_WARN_EMPTY_BODY = YES;
				CLANG_WARN_ENUM_CONVERSION = YES;
				CLANG_WARN_INFINITE_RECURSION = YES;
				CLANG_WARN_INT_CONVERSION = YES;
				CLANG_WARN_NON_LITERAL_NULL_CONVERSION = YES;
				CLANG_WARN_OBJC_LITERAL_CONVERSION = YES;
				CLANG_WARN_OBJC_ROOT_CLASS = YES_ERROR;
				CLANG_WARN_RANGE_LOOP_ANALYSIS = YES;
				CLANG_WARN_STRICT_PROTOTYPES = YES;
				CLANG_WARN_SUSPICIOUS_MOVE = YES;
				CLANG_WARN_UNGUARDED_AVAILABILITY = YES_AGGRESSIVE;
				CLANG_WARN_UNREACHABLE_CODE = YES;
				CLANG_WARN__DUPLICATE_METHOD_MATCH = YES;
				CODE_SIGN_IDENTITY = "iPhone Developer";
				COPY_PHASE_STRIP = NO;
				DEBUG_INFORMATION_FORMAT = dwarf;
				ENABLE_STRICT_OBJC_MSGSEND = YES;
				ENABLE_TESTABILITY = YES;
				GCC_C_LANGUAGE_STANDARD = gnu11;
				GCC_DYNAMIC_NO_PIC = NO;
				GCC_NO_COMMON_BLOCKS = YES;
				GCC_OPTIMIZATION_LEVEL = 0;
				GCC_PREPROCESSOR_DEFINITIONS = (
					"DEBUG=1",
					"$(inherited)",
				);
				GCC_WARN_64_TO_32_BIT_CONVERSION = YES;
				GCC_WARN_ABOUT_RETURN_TYPE = YES_ERROR;
				GCC_WARN_UNDECLARED_SELECTOR = YES;
				GCC_WARN_UNINITIALIZED_AUTOS = YES_AGGRESSIVE;
				GCC_WARN_UNUSED_FUNCTION = YES;
				GCC_WARN_UNUSED_VARIABLE = YES;
				IPHONEOS_DEPLOYMENT_TARGET = 11.0;
				MTL_ENABLE_DEBUG_INFO = YES;
				ONLY_ACTIVE_ARCH = YES;
				SDKROOT = iphoneos;
				SWIFT_ACTIVE_COMPILATION_CONDITIONS = DEBUG;
				SWIFT_OPTIMIZATION_LEVEL = "-Onone";
				SWIFT_VERSION = 4.0;
			};
			name = Debug;
		};
		6DB232391EF0774200A8A287 /* Release */ = {
			isa = XCBuildConfiguration;
			buildSettings = {
				ALWAYS_SEARCH_USER_PATHS = NO;
				CLANG_ANALYZER_NONNULL = YES;
				CLANG_ANALYZER_NUMBER_OBJECT_CONVERSION = YES_AGGRESSIVE;
				CLANG_CXX_LANGUAGE_STANDARD = "gnu++14";
				CLANG_CXX_LIBRARY = "libc++";
				CLANG_ENABLE_MODULES = YES;
				CLANG_ENABLE_OBJC_ARC = YES;
				CLANG_WARN_BLOCK_CAPTURE_AUTORELEASING = YES;
				CLANG_WARN_BOOL_CONVERSION = YES;
				CLANG_WARN_COMMA = YES;
				CLANG_WARN_CONSTANT_CONVERSION = YES;
				CLANG_WARN_DIRECT_OBJC_ISA_USAGE = YES_ERROR;
				CLANG_WARN_DOCUMENTATION_COMMENTS = YES;
				CLANG_WARN_EMPTY_BODY = YES;
				CLANG_WARN_ENUM_CONVERSION = YES;
				CLANG_WARN_INFINITE_RECURSION = YES;
				CLANG_WARN_INT_CONVERSION = YES;
				CLANG_WARN_NON_LITERAL_NULL_CONVERSION = YES;
				CLANG_WARN_OBJC_LITERAL_CONVERSION = YES;
				CLANG_WARN_OBJC_ROOT_CLASS = YES_ERROR;
				CLANG_WARN_RANGE_LOOP_ANALYSIS = YES;
				CLANG_WARN_STRICT_PROTOTYPES = YES;
				CLANG_WARN_SUSPICIOUS_MOVE = YES;
				CLANG_WARN_UNGUARDED_AVAILABILITY = YES_AGGRESSIVE;
				CLANG_WARN_UNREACHABLE_CODE = YES;
				CLANG_WARN__DUPLICATE_METHOD_MATCH = YES;
				CODE_SIGN_IDENTITY = "iPhone Developer";
				COPY_PHASE_STRIP = NO;
				DEBUG_INFORMATION_FORMAT = "dwarf-with-dsym";
				ENABLE_NS_ASSERTIONS = NO;
				ENABLE_STRICT_OBJC_MSGSEND = YES;
				GCC_C_LANGUAGE_STANDARD = gnu11;
				GCC_NO_COMMON_BLOCKS = YES;
				GCC_WARN_64_TO_32_BIT_CONVERSION = YES;
				GCC_WARN_ABOUT_RETURN_TYPE = YES_ERROR;
				GCC_WARN_UNDECLARED_SELECTOR = YES;
				GCC_WARN_UNINITIALIZED_AUTOS = YES_AGGRESSIVE;
				GCC_WARN_UNUSED_FUNCTION = YES;
				GCC_WARN_UNUSED_VARIABLE = YES;
				IPHONEOS_DEPLOYMENT_TARGET = 11.0;
				MTL_ENABLE_DEBUG_INFO = NO;
				SDKROOT = iphoneos;
				SWIFT_OPTIMIZATION_LEVEL = "-Owholemodule";
				SWIFT_VERSION = 4.0;
				VALIDATE_PRODUCT = YES;
			};
			name = Release;
		};
		6DB2323B1EF0774200A8A287 /* Debug */ = {
			isa = XCBuildConfiguration;
			buildSettings = {
				ASSETCATALOG_COMPILER_APPICON_NAME = AppIcon;
				"CODE_SIGN_IDENTITY[sdk=iphoneos*]" = "iPhone Developer";
				CODE_SIGN_STYLE = Automatic;
				DEVELOPMENT_TEAM = C8NWXKTJBC;
				INFOPLIST_FILE = Tutorial/Info.plist;
				IPHONEOS_DEPLOYMENT_TARGET = 10.0;
				LD_RUNPATH_SEARCH_PATHS = "$(inherited) @executable_path/Frameworks";
				PRODUCT_BUNDLE_IDENTIFIER = fr.watremez.Tutorial;
				PRODUCT_NAME = "$(TARGET_NAME)";
				PROVISIONING_PROFILE = "";
				PROVISIONING_PROFILE_SPECIFIER = "";
				SWIFT_VERSION = 4.0;
				TARGETED_DEVICE_FAMILY = "1,2";
			};
			name = Debug;
		};
		6DB2323C1EF0774200A8A287 /* Release */ = {
			isa = XCBuildConfiguration;
			buildSettings = {
				ASSETCATALOG_COMPILER_APPICON_NAME = AppIcon;
				"CODE_SIGN_IDENTITY[sdk=iphoneos*]" = "iPhone Developer";
				CODE_SIGN_STYLE = Automatic;
				DEVELOPMENT_TEAM = C8NWXKTJBC;
				INFOPLIST_FILE = Tutorial/Info.plist;
				IPHONEOS_DEPLOYMENT_TARGET = 10.0;
				LD_RUNPATH_SEARCH_PATHS = "$(inherited) @executable_path/Frameworks";
				PRODUCT_BUNDLE_IDENTIFIER = fr.watremez.Tutorial;
				PRODUCT_NAME = "$(TARGET_NAME)";
				PROVISIONING_PROFILE_SPECIFIER = "";
				SWIFT_VERSION = 4.0;
				TARGETED_DEVICE_FAMILY = "1,2";
			};
			name = Release;
		};
/* End XCBuildConfiguration section */

/* Begin XCConfigurationList section */
		6DB2321F1EF0774200A8A287 /* Build configuration list for PBXProject "Tutorial" */ = {
			isa = XCConfigurationList;
			buildConfigurations = (
				6DB232381EF0774200A8A287 /* Debug */,
				6DB232391EF0774200A8A287 /* Release */,
			);
			defaultConfigurationIsVisible = 0;
			defaultConfigurationName = Release;
		};
		6DB2323A1EF0774200A8A287 /* Build configuration list for PBXNativeTarget "Tutorial" */ = {
			isa = XCConfigurationList;
			buildConfigurations = (
				6DB2323B1EF0774200A8A287 /* Debug */,
				6DB2323C1EF0774200A8A287 /* Release */,
			);
			defaultConfigurationIsVisible = 0;
			defaultConfigurationName = Release;
		};
/* End XCConfigurationList section */
	};
	rootObject = 6DB2321C1EF0774200A8A287 /* Project object */;
}
